
Microsoft Visual Studio Solution File, Format Version 11.00
# Visual Studio 2010
Project("{FAE04EC0-301F-11D3-BF4B-00C04F79EFBC}") = "Assembly-CSharp", "Assembly-CSharp.csproj", "{dba6568e-5ade-5a35-6aa1-d044d6271489}"
EndProject
Project("{FAE04EC0-301F-11D3-BF4B-00C04F79EFBC}") = "Assembly-CSharp-Editor", "Assembly-CSharp-Editor.csproj", "{55293150-963a-b3f0-2c2f-adfcea47b6f3}"
EndProject
Global
	GlobalSection(SolutionConfigurationPlatforms) = preSolution
		Debug|Any CPU = Debug|Any CPU
	EndGlobalSection
	GlobalSection(ProjectConfigurationPlatforms) = postSolution
		{dba6568e-5ade-5a35-6aa1-d044d6271489}.Debug|Any CPU.ActiveCfg = Debug|Any CPU
		{dba6568e-5ade-5a35-6aa1-d044d6271489}.Debug|Any CPU.Build.0 = Debug|Any CPU
		{55293150-963a-b3f0-2c2f-adfcea47b6f3}.Debug|Any CPU.ActiveCfg = Debug|Any CPU
		{55293150-963a-b3f0-2c2f-adfcea47b6f3}.Debug|Any CPU.Build.0 = Debug|Any CPU
	EndGlobalSection
	GlobalSection(SolutionProperties) = preSolution
		HideSolutionNode = FALSE
	EndGlobalSection
EndGlobal
